{
  "name": "avorythm-video",
  "version": "1.0.0",
  "lockfileVersion": 3,
  "requires": true,
  "packages": {
    "": {
      "name": "avorythm-video",
      "version": "1.0.0",
      "devDependencies": {
        "@fontsource-variable/inter": "5.3.0",
        "@fontsource-variable/jetbrains-mono": "5.3.0",
        "@fontsource-variable/noto-sans-devanagari": "5.3.0",
        "@fontsource-variable/noto-sans-jp": "5.3.0",
        "@fontsource-variable/noto-sans-sc": "5.3.0",
        "@fontsource-variable/vazirmatn": "5.3.0"
      },
      "engines": {
        "node": ">=22"
      }
    },
    "node_modules/@fontsource-variable/inter": {
      "version": "5.3.0",
      "resolved": "https://registry.npmjs.org/@fontsource-variable/inter/-/inter-5.3.0.tgz",
      "integrity": "sha512-OupL48va4JNofb97w6NYeF9S7W/kHNKM0Er8Dem5nqi4jeOLrVJDoE8tZEpnMJmtkvNbB1EIPPwHcdkF6b1oUA==",
      "dev": true,
      "license": "OFL-1.1",
      "funding": {
        "url": "https://github.com/sponsors/ayuhito"
      }
    },
    "node_modules/@fontsource-variable/jetbrains-mono": {
      "version": "5.3.0",
      "resolved": "https://registry.npmjs.org/@fontsource-variable/jetbrains-mono/-/jetbrains-mono-5.3.0.tgz",
      "integrity": "sha512-F32xpS2NsGYoQi2ADSkKTgpJj7ozajsGgDJ8woTnqjmIB+dxDIqImjl4pXZVEExu8UFZ2ndhmX18EBS/hdz3Lw==",
      "dev": true,
      "license": "OFL-1.1",
      "funding": {
        "url": "https://github.com/sponsors/ayuhito"
      }
    },
    "node_modules/@fontsource-variable/noto-sans-devanagari": {
      "version": "5.3.0",
      "resolved": "https://registry.npmjs.org/@fontsource-variable/noto-sans-devanagari/-/noto-sans-devanagari-5.3.0.tgz",
      "integrity": "sha512-52XBcJS3jRvZ5ugFXJvdKgffXPYnN08LeodXkgCbepOdMKVRVTQu1yj071cq8S3zmUwT6w6XKKXRSQlQkwwNNg==",
      "dev": true,
      "license": "OFL-1.1",
      "funding": {
        "url": "https://github.com/sponsors/ayuhito"
      }
    },
    "node_modules/@fontsource-variable/noto-sans-jp": {
      "version": "5.3.0",
      "resolved": "https://registry.npmjs.org/@fontsource-variable/noto-sans-jp/-/noto-sans-jp-5.3.0.tgz",
      "integrity": "sha512-XVL9GfGBRjj523v9w3Bctu4mNq7E5rUa+AMZm8DK1EM3LAGlKC3DZMvuqkLn4DB4TwwoAjcsJUCiRpUTDzzOkw==",
      "dev": true,
      "license": "OFL-1.1",
      "funding": {
        "url": "https://github.com/sponsors/ayuhito"
      }
    },
    "node_modules/@fontsource-variable/noto-sans-sc": {
      "version": "5.3.0",
      "resolved": "https://registry.npmjs.org/@fontsource-variable/noto-sans-sc/-/noto-sans-sc-5.3.0.tgz",
      "integrity": "sha512-lNar1dF7Ik/lHNPo/7JWG0TolXY29LtsqYgMvEysooZ5bsO9uH4shJmRrwyJ3PjyTPljhpMJEK0jDuLSU4vJ1w==",
      "dev": true,
      "license": "OFL-1.1",
      "funding": {
        "url": "https://github.com/sponsors/ayuhito"
      }
    },
    "node_modules/@fontsource-variable/vazirmatn": {
      "version": "5.3.0",
      "resolved": "https://registry.npmjs.org/@fontsource-variable/vazirmatn/-/vazirmatn-5.3.0.tgz",
      "integrity": "sha512-ZA68W8JHbMdNzzwjYHUWKB2PH22QpxNEnk0ukcXM+XiqYMV6ZWJZAKuNXcrMR2JjuIAwsfAU3KknCXPI6wXUvw==",
      "dev": true,
      "license": "OFL-1.1",
      "funding": {
        "url": "https://github.com/sponsors/ayuhito"
      }
    }
  }
}
